{
  "name": "esbuild",
  "version": "1.0.0",
  "lockfileVersion": 2,
  "requires": true,
  "packages": {
    "": {
      "version": "1.0.0",
      "license": "ISC",
      "dependencies": {
        "@axiom/button": "^1.2.1",
        "@axiom/select": "^0.0.1",
        "@lion/form": "^0.12.5",
        "@lit-labs/react": "^1.0.0",
        "esbuild": "^0.13.4",
        "react": "^17.0.2",
        "react-dom": "^17.0.2"
      }
    },
    "node_modules/@axiom/button": {
      "version": "1.2.1",
      "resolved": "https://artifactory.brandwatch.com/artifactory/api/npm/npm/@axiom/button/-/@axiom/button-1.2.1.tgz",
      "integrity": "sha1-o9iq01PjpqREbN7a+PFUpN1bKH8=",
      "license": "MIT",
      "dependencies": {
        "@axiom/tokens": "*",
        "@lion/button": "^0.14.0",
        "@lion/core": "^0.18.0",
        "@lit-labs/react": "^1.0.0-rc.2"
      },
      "peerDependencies": {
        "react": ">=16"
      }
    },
    "node_modules/@axiom/icon": {
      "version": "0.0.6",
      "resolved": "https://artifactory.brandwatch.com/artifactory/api/npm/npm/@axiom/icon/-/@axiom/icon-0.0.6.tgz",
      "integrity": "sha1-inEIpDF4JIvTS5TJtfP38ccKXsE=",
      "license": "MIT",
      "dependencies": {
        "@axiom/tokens": "*",
        "@lion/core": "^0.18.0",
        "@lion/icon": "^0.13.3",
        "@lit-labs/react": "^1.0.0-rc.2"
      },
      "peerDependencies": {
        "react": ">=16"
      }
    },
    "node_modules/@axiom/select": {
      "version": "0.0.1",
      "resolved": "https://artifactory.brandwatch.com/artifactory/api/npm/npm/@axiom/select/-/@axiom/select-0.0.1.tgz",
      "integrity": "sha1-xN1Yw5PRmK43cpJ8AE4jZ6UKIfA=",
      "license": "MIT",
      "dependencies": {
        "@axiom/icon": "^0",
        "@axiom/tokens": "^1.1.7",
        "@lion/core": "^0.18.0",
        "@lion/select-rich": "^0.27.4",
        "@lit-labs/react": "^1.0.0-rc.2"
      },
      "peerDependencies": {
        "react": ">=16"
      }
    },
    "node_modules/@axiom/tokens": {
      "version": "1.3.1",
      "resolved": "https://artifactory.brandwatch.com/artifactory/api/npm/npm/@axiom/tokens/-/@axiom/tokens-1.3.1.tgz",
      "integrity": "sha1-a0Gum/AGSvYjcG8JG8UnQQmLZGI=",
      "license": "ISC"
    },
    "node_modules/@bundled-es-modules/message-format": {
      "version": "6.0.4",
      "resolved": "https://registry.npmjs.org/@bundled-es-modules/message-format/-/message-format-6.0.4.tgz",
      "integrity": "sha512-NGUoPxqsBzDwvRhY3A3L/AhS1hzS9OWappfyDOyCwE7G3W4ua28gau7QwvJz7QzA6ArbAdeb8c1mLjvd1WUFAA=="
    },
    "node_modules/@lion/button": {
      "version": "0.14.3",
      "resolved": "https://registry.npmjs.org/@lion/button/-/button-0.14.3.tgz",
      "integrity": "sha512-QQ79Nio3HcsF7wX72wi45DA2dzoCsH9bULYEh6E8xEZqM7gF9CMIUSKgTVZ19V9XKycbRLfKjh6dAAH8aamzFw==",
      "dependencies": {
        "@lion/core": "0.18.3"
      }
    },
    "node_modules/@lion/core": {
      "version": "0.18.3",
      "resolved": "https://registry.npmjs.org/@lion/core/-/core-0.18.3.tgz",
      "integrity": "sha512-BDRuwLnsyg/kDE382xBoe4ytsEsiDkov0h3VN66Y9tvMpnChf6BxAkfY7g+LlxgbsNihmZnykE+eGE7cfP5PSw==",
      "dependencies": {
        "@open-wc/dedupe-mixin": "^1.2.18",
        "@open-wc/scoped-elements": "^2.0.0-next.3",
        "lit": "^2.0.0-rc.2"
      }
    },
    "node_modules/@lion/fieldset": {
      "version": "0.19.7",
      "resolved": "https://registry.npmjs.org/@lion/fieldset/-/fieldset-0.19.7.tgz",
      "integrity": "sha512-fwVxroseC7j06pRtSTVvHwF7WLQmItsMNed3Cj7XD64H39BK2jKBzS7U7n4f4ybEUd5C5KpLjBxEPzA8jJLuFg==",
      "dependencies": {
        "@lion/core": "0.18.3",
        "@lion/form-core": "0.15.2"
      }
    },
    "node_modules/@lion/form": {
      "version": "0.12.5",
      "resolved": "https://registry.npmjs.org/@lion/form/-/form-0.12.5.tgz",
      "integrity": "sha512-/qgd5XkvCpo1PIrGtu2yByP+X1XzLpGKi2sZacT9cV550l0IFP3u9AVdRoCgic63Ro7jBQXfR3vw2Gg2jIILcQ==",
      "dependencies": {
        "@lion/fieldset": "0.19.7"
      }
    },
    "node_modules/@lion/form-core": {
      "version": "0.15.2",
      "resolved": "https://registry.npmjs.org/@lion/form-core/-/form-core-0.15.2.tgz",
      "integrity": "sha512-wMN4m2zPw0o+XwGB1z9oJ6UTg0L7XeVxzpLQmZqUrgsRP/jiq09q0kEj6rX0R/eSBXbcowemF+p43sBO9wEgoA==",
      "dependencies": {
        "@lion/core": "0.18.3",
        "@lion/localize": "0.21.1"
      }
    },
    "node_modules/@lion/icon": {
      "version": "0.13.3",
      "resolved": "https://registry.npmjs.org/@lion/icon/-/icon-0.13.3.tgz",
      "integrity": "sha512-ajKi00pWGaHr71eQRoFCnIj7MEdviHPLAckVeYVYdkehw/WO+dikXUK9lcQaLLk9UlP/qkJUGrt0lxHCRhXQSA==",
      "dependencies": {
        "@lion/core": "0.18.3",
        "singleton-manager": "1.4.2"
      }
    },
    "node_modules/@lion/listbox": {
      "version": "0.10.5",
      "resolved": "https://registry.npmjs.org/@lion/listbox/-/listbox-0.10.5.tgz",
      "integrity": "sha512-9iSGO5a6Y9sDXTwG0zm1LRozO156bS3U0uBtP7KvYgiXjM/nNH1oUXUq4+2Ic964hvfCA4UqyAUyCylh0GoZ1g==",
      "dependencies": {
        "@lion/core": "0.18.3",
        "@lion/form-core": "0.15.2"
      }
    },
    "node_modules/@lion/localize": {
      "version": "0.21.1",
      "resolved": "https://registry.npmjs.org/@lion/localize/-/localize-0.21.1.tgz",
      "integrity": "sha512-v9Jb0ZGmCqdaHX3zTqDnGo3cX7L4H5kb9hcTWd3Cvppujr/r3x7XOzWB7tJo6fk49l3El2V7SoV8/FtVvJfK2w==",
      "dependencies": {
        "@bundled-es-modules/message-format": "6.0.4",
        "@lion/core": "0.18.3",
        "singleton-manager": "1.4.2"
      }
    },
    "node_modules/@lion/overlays": {
      "version": "0.28.4",
      "resolved": "https://registry.npmjs.org/@lion/overlays/-/overlays-0.28.4.tgz",
      "integrity": "sha512-T5GQXcJKOer+p7d93w8K3XXnCixU7DX8alK85mjHK5AQfgWKGMiMQDonZ2u/kOLomefY/9vJ0WlV1BGZ7pIisg==",
      "dependencies": {
        "@lion/core": "0.18.3",
        "@popperjs/core": "^2.5.4",
        "singleton-manager": "1.4.2"
      }
    },
    "node_modules/@lion/select-rich": {
      "version": "0.27.5",
      "resolved": "https://registry.npmjs.org/@lion/select-rich/-/select-rich-0.27.5.tgz",
      "integrity": "sha512-+vY8mj24zjAlxLyFO2hwa2wlG+9Oyvu75nLFCRUAS6KlLXxfvTnCMXt9Fnuq7kTdQfDK3esYgXsoIlv9+4JLIA==",
      "dependencies": {
        "@lion/button": "0.14.3",
        "@lion/core": "0.18.3",
        "@lion/form-core": "0.15.2",
        "@lion/listbox": "0.10.5",
        "@lion/overlays": "0.28.4"
      }
    },
    "node_modules/@lit-labs/react": {
      "version": "1.0.0",
      "resolved": "https://registry.npmjs.org/@lit-labs/react/-/react-1.0.0.tgz",
      "integrity": "sha512-wxHfI04aFOCULmCtQdRKIopD2ab+ijVkk0+pHkiP8SF3g3m3t7nFjzg5/337ZOPGOA0PVoJ/Tb1mLdnBu38cNA=="
    },
    "node_modules/@lit/reactive-element": {
      "version": "1.0.0",
      "resolved": "https://registry.npmjs.org/@lit/reactive-element/-/reactive-element-1.0.0.tgz",
      "integrity": "sha512-Kpgenb8UNFsKCsFhggiVvUkCbcFQSd6N8hffYEEGjz27/4rw3cTSsmP9t3q1EHOAsdum60Wo64HvuZDFpEwexA=="
    },
    "node_modules/@open-wc/dedupe-mixin": {
      "version": "1.3.0",
      "resolved": "https://registry.npmjs.org/@open-wc/dedupe-mixin/-/dedupe-mixin-1.3.0.tgz",
      "integrity": "sha512-UfdK1MPnR6T7f3svzzYBfu3qBkkZ/KsPhcpc3JYhsUY4hbpwNF9wEQtD4Z+/mRqMTJrKg++YSxIxE0FBhY3RIw=="
    },
    "node_modules/@open-wc/scoped-elements": {
      "version": "2.0.0-next.6",
      "resolved": "https://registry.npmjs.org/@open-wc/scoped-elements/-/scoped-elements-2.0.0-next.6.tgz",
      "integrity": "sha512-+3oreZWjqqmg+H4JzYx8MLthaXJU8ZcaiNGsMraZQxr81GwYPEkZX3+4Oe7fgdPt1zGStLYdkEGcrlk9MgIG0Q==",
      "dependencies": {
        "@lit/reactive-element": "^1.0.0",
        "@open-wc/dedupe-mixin": "^1.3.0",
        "@webcomponents/scoped-custom-element-registry": "^0.0.3"
      }
    },
    "node_modules/@popperjs/core": {
      "version": "2.10.2",
      "resolved": "https://registry.npmjs.org/@popperjs/core/-/core-2.10.2.tgz",
      "integrity": "sha512-IXf3XA7+XyN7CP9gGh/XB0UxVMlvARGEgGXLubFICsUMGz6Q+DU+i4gGlpOxTjKvXjkJDJC8YdqdKkDj9qZHEQ==",
      "funding": {
        "type": "opencollective",
        "url": "https://opencollective.com/popperjs"
      }
    },
    "node_modules/@types/trusted-types": {
      "version": "2.0.2",
      "resolved": "https://registry.npmjs.org/@types/trusted-types/-/trusted-types-2.0.2.tgz",
      "integrity": "sha512-F5DIZ36YVLE+PN+Zwws4kJogq47hNgX3Nx6WyDJ3kcplxyke3XIzB8uK5n/Lpm1HBsbGzd6nmGehL8cPekP+Tg=="
    },
    "node_modules/@webcomponents/scoped-custom-element-registry": {
      "version": "0.0.3",
      "resolved": "https://registry.npmjs.org/@webcomponents/scoped-custom-element-registry/-/scoped-custom-element-registry-0.0.3.tgz",
      "integrity": "sha512-lpSzgDCGbM99dytb3+J3Suo4+Bk1E13MPnWB42JK8GwxSAxFz+tC7TTv2hhDSIE2IirGNKNKCf3m08ecu6eAsQ=="
    },
    "node_modules/esbuild": {
      "version": "0.13.4",
      "resolved": "https://registry.npmjs.org/esbuild/-/esbuild-0.13.4.tgz",
      "integrity": "sha512-wMA5eUwpavTBiNl+It6j8OQuKVh69l6z4DKDLzoTIqC+gChnPpcmqdA8WNHptUHRnfyML+mKEQPlW7Mybj8gHg==",
      "hasInstallScript": true,
      "bin": {
        "esbuild": "bin/esbuild"
      },
      "optionalDependencies": {
        "esbuild-android-arm64": "0.13.4",
        "esbuild-darwin-64": "0.13.4",
        "esbuild-darwin-arm64": "0.13.4",
        "esbuild-freebsd-64": "0.13.4",
        "esbuild-freebsd-arm64": "0.13.4",
        "esbuild-linux-32": "0.13.4",
        "esbuild-linux-64": "0.13.4",
        "esbuild-linux-arm": "0.13.4",
        "esbuild-linux-arm64": "0.13.4",
        "esbuild-linux-mips64le": "0.13.4",
        "esbuild-linux-ppc64le": "0.13.4",
        "esbuild-openbsd-64": "0.13.4",
        "esbuild-sunos-64": "0.13.4",
        "esbuild-windows-32": "0.13.4",
        "esbuild-windows-64": "0.13.4",
        "esbuild-windows-arm64": "0.13.4"
      }
    },
    "node_modules/esbuild-android-arm64": {
      "version": "0.13.4",
      "resolved": "https://registry.npmjs.org/esbuild-android-arm64/-/esbuild-android-arm64-0.13.4.tgz",
      "integrity": "sha512-elDJt+jNyoHFId0/dKsuVYUPke3EcquIyUwzJCH17a3ERglN3A9aMBI5zbz+xNZ+FbaDNdpn0RaJHCFLbZX+fA==",
      "cpu": [
        "arm64"
      ],
      "optional": true,
      "os": [
        "android"
      ]
    },
    "node_modules/esbuild-darwin-64": {
      "version": "0.13.4",
      "resolved": "https://registry.npmjs.org/esbuild-darwin-64/-/esbuild-darwin-64-0.13.4.tgz",
      "integrity": "sha512-zJQGyHRAdZUXlRzbN7W+7ykmEiGC+bq3Gc4GxKYjjWTgDRSEly98ym+vRNkDjXwXYD3gGzSwvH35+MiHAtWvLA==",
      "cpu": [
        "x64"
      ],
      "optional": true,
      "os": [
        "darwin"
      ]
    },
    "node_modules/esbuild-darwin-arm64": {
      "version": "0.13.4",
      "resolved": "https://registry.npmjs.org/esbuild-darwin-arm64/-/esbuild-darwin-arm64-0.13.4.tgz",
      "integrity": "sha512-r8oYvAtqSGq8HNTZCAx4TdLE7jZiGhX9ooGi5AQAey37MA6XNaP8ZNlw9OCpcgpx3ryU2WctXwIqPzkHO7a8dg==",
      "cpu": [
        "arm64"
      ],
      "optional": true,
      "os": [
        "darwin"
      ]
    },
    "node_modules/esbuild-freebsd-64": {
      "version": "0.13.4",
      "resolved": "https://registry.npmjs.org/esbuild-freebsd-64/-/esbuild-freebsd-64-0.13.4.tgz",
      "integrity": "sha512-u9DRGkn09EN8+lCh6z7FKle7awi17PJRBuAKdRNgSo5ZrH/3m+mYaJK2PR2URHMpAfXiwJX341z231tSdVe3Yw==",
      "cpu": [
        "x64"
      ],
      "optional": true,
      "os": [
        "freebsd"
      ]
    },
    "node_modules/esbuild-freebsd-arm64": {
      "version": "0.13.4",
      "resolved": "https://registry.npmjs.org/esbuild-freebsd-arm64/-/esbuild-freebsd-arm64-0.13.4.tgz",
      "integrity": "sha512-q3B2k68Uf6gfjATjcK16DqxvjqRQkHL8aPoOfj4op+lSqegdXvBacB1d8jw8PxbWJ8JHpdTLdAVUYU80kotQXA==",
      "cpu": [
        "arm64"
      ],
      "optional": true,
      "os": [
        "freebsd"
      ]
    },
    "node_modules/esbuild-linux-32": {
      "version": "0.13.4",
      "resolved": "https://registry.npmjs.org/esbuild-linux-32/-/esbuild-linux-32-0.13.4.tgz",
      "integrity": "sha512-UUYJPHSiKAO8KoN3Ls/iZtgDLZvK5HarES96aolDPWZnq9FLx4dIHM/x2z4Rxv9IYqQ/DxlPoE2Co1UPBIYYeA==",
      "cpu": [
        "ia32"
      ],
      "optional": true,
      "os": [
        "linux"
      ]
    },
    "node_modules/esbuild-linux-64": {
      "version": "0.13.4",
      "resolved": "https://registry.npmjs.org/esbuild-linux-64/-/esbuild-linux-64-0.13.4.tgz",
      "integrity": "sha512-+RnohAKiiUW4UHLGRkNR1AnENW1gCuDWuygEtd4jxTNPIoeC7lbXGor7rtgjj9AdUzFgOEvAXyNNX01kJ8NueQ==",
      "cpu": [
        "x64"
      ],
      "optional": true,
      "os": [
        "linux"
      ]
    },
    "node_modules/esbuild-linux-arm": {
      "version": "0.13.4",
      "resolved": "https://registry.npmjs.org/esbuild-linux-arm/-/esbuild-linux-arm-0.13.4.tgz",
      "integrity": "sha512-BH5gKve4jglS7UPSsfwHSX79I5agC/lm4eKoRUEyo8lwQs89frQSRp2Xup+6SFQnxt3md5EsKcd2Dbkqeb3gPA==",
      "cpu": [
        "arm"
      ],
      "optional": true,
      "os": [
        "linux"
      ]
    },
    "node_modules/esbuild-linux-arm64": {
      "version": "0.13.4",
      "resolved": "https://registry.npmjs.org/esbuild-linux-arm64/-/esbuild-linux-arm64-0.13.4.tgz",
      "integrity": "sha512-+A188cAdd6QuSRxMIwRrWLjgphQA0LDAQ/ECVlrPVJwnx+1i64NjDZivoqPYLOTkSPIKntiWwMhhf0U5/RrPHQ==",
      "cpu": [
        "arm64"
      ],
      "optional": true,
      "os": [
        "linux"
      ]
    },
    "node_modules/esbuild-linux-mips64le": {
      "version": "0.13.4",
      "resolved": "https://registry.npmjs.org/esbuild-linux-mips64le/-/esbuild-linux-mips64le-0.13.4.tgz",
      "integrity": "sha512-0xkwtPaUkG5xMTFGaQPe1AadSe5QAiQuD4Gix1O9k5Xo/U8xGIkw9UFUTvfEUeu71vFb6ZgsIacfP1NLoFjWNw==",
      "cpu": [
        "mips64el"
      ],
      "optional": true,
      "os": [
        "linux"
      ]
    },
    "node_modules/esbuild-linux-ppc64le": {
      "version": "0.13.4",
      "resolved": "https://registry.npmjs.org/esbuild-linux-ppc64le/-/esbuild-linux-ppc64le-0.13.4.tgz",
      "integrity": "sha512-E1+oJPP7A+j23GPo3CEpBhGwG1bni4B8IbTA3/3rvzjURwUMZdcN3Fhrz24rnjzdLSHmULtOE4VsbT42h1Om4Q==",
      "cpu": [
        "ppc64"
      ],
      "optional": true,
      "os": [
        "linux"
      ]
    },
    "node_modules/esbuild-openbsd-64": {
      "version": "0.13.4",
      "resolved": "https://registry.npmjs.org/esbuild-openbsd-64/-/esbuild-openbsd-64-0.13.4.tgz",
      "integrity": "sha512-xEkI1o5HYxDzbv9jSox0EsDxpwraG09SRiKKv0W8pH6O3bt+zPSlnoK7+I7Q69tkvONkpIq5n2o+c55uq0X7cw==",
      "cpu": [
        "x64"
      ],
      "optional": true,
      "os": [
        "openbsd"
      ]
    },
    "node_modules/esbuild-sunos-64": {
      "version": "0.13.4",
      "resolved": "https://registry.npmjs.org/esbuild-sunos-64/-/esbuild-sunos-64-0.13.4.tgz",
      "integrity": "sha512-bjXUMcODMnB6hQicLBBmmnBl7OMDyVpFahKvHGXJfDChIi5udiIRKCmFUFIRn+AUAKVlfrofRKdyPC7kBsbvGQ==",
      "cpu": [
        "x64"
      ],
      "optional": true,
      "os": [
        "sunos"
      ]
    },
    "node_modules/esbuild-windows-32": {
      "version": "0.13.4",
      "resolved": "https://registry.npmjs.org/esbuild-windows-32/-/esbuild-windows-32-0.13.4.tgz",
      "integrity": "sha512-z4CH07pfyVY0XF98TCsGmLxKCl0kyvshKDbdpTekW9f2d+dJqn5mmoUyWhpSVJ0SfYWJg86FoD9nMbbaMVyGdg==",
      "cpu": [
        "ia32"
      ],
      "optional": true,
      "os": [
        "win32"
      ]
    },
    "node_modules/esbuild-windows-64": {
      "version": "0.13.4",
      "resolved": "https://registry.npmjs.org/esbuild-windows-64/-/esbuild-windows-64-0.13.4.tgz",
      "integrity": "sha512-uVL11vORRPjocGLYam67rwFLd0LvkrHEs+JG+1oJN4UD9MQmNGZPa4gBHo6hDpF+kqRJ9kXgQSeDqUyRy0tj/Q==",
      "cpu": [
        "x64"
      ],
      "optional": true,
      "os": [
        "win32"
      ]
    },
    "node_modules/esbuild-windows-arm64": {
      "version": "0.13.4",
      "resolved": "https://registry.npmjs.org/esbuild-windows-arm64/-/esbuild-windows-arm64-0.13.4.tgz",
      "integrity": "sha512-vA6GLvptgftRcDcWngD5cMlL4f4LbL8JjU2UMT9yJ0MT5ra6hdZNFWnOeOoEtY4GtJ6OjZ0i+81sTqhAB0fMkg==",
      "cpu": [
        "arm64"
      ],
      "optional": true,
      "os": [
        "win32"
      ]
    },
    "node_modules/js-tokens": {
      "version": "4.0.0",
      "resolved": "https://registry.npmjs.org/js-tokens/-/js-tokens-4.0.0.tgz",
      "integrity": "sha512-RdJUflcE3cUzKiMqQgsCu06FPu9UdIJO0beYbPhHN4k6apgJtifcoCtT9bcxOpYBtpD2kCM6Sbzg4CausW/PKQ=="
    },
    "node_modules/lit": {
      "version": "2.0.0",
      "resolved": "https://registry.npmjs.org/lit/-/lit-2.0.0.tgz",
      "integrity": "sha512-pqi5O/wVzQ9Bn4ERRoYQlt1EAUWyY5Wv888vzpoArbtChc+zfUv1XohRqSdtQZYCogl0eHKd+MQwymg2XJfECg==",
      "dependencies": {
        "@lit/reactive-element": "^1.0.0",
        "lit-element": "^3.0.0",
        "lit-html": "^2.0.0"
      }
    },
    "node_modules/lit-element": {
      "version": "3.0.0",
      "resolved": "https://registry.npmjs.org/lit-element/-/lit-element-3.0.0.tgz",
      "integrity": "sha512-oPqRhhBBhs+AlI62QLwtWQNU/bNK/h2L1jI3IDroqZubo6XVAkyNy2dW3CRfjij8mrNlY7wULOfyyKKOnfEePA==",
      "dependencies": {
        "@lit/reactive-element": "^1.0.0",
        "lit-html": "^2.0.0"
      }
    },
    "node_modules/lit-html": {
      "version": "2.0.0",
      "resolved": "https://registry.npmjs.org/lit-html/-/lit-html-2.0.0.tgz",
      "integrity": "sha512-tJsCapCmc0vtLj6harqd6HfCxnlt/RSkgowtz4SC9dFE3nSL38Tb33I5HMDiyJsRjQZRTgpVsahrnDrR9wg27w==",
      "dependencies": {
        "@types/trusted-types": "^2.0.2"
      }
    },
    "node_modules/loose-envify": {
      "version": "1.4.0",
      "resolved": "https://registry.npmjs.org/loose-envify/-/loose-envify-1.4.0.tgz",
      "integrity": "sha512-lyuxPGr/Wfhrlem2CL/UcnUc1zcqKAImBDzukY7Y5F/yQiNdko6+fRLevlw1HgMySw7f611UIY408EtxRSoK3Q==",
      "dependencies": {
        "js-tokens": "^3.0.0 || ^4.0.0"
      },
      "bin": {
        "loose-envify": "cli.js"
      }
    },
    "node_modules/object-assign": {
      "version": "4.1.1",
      "resolved": "https://registry.npmjs.org/object-assign/-/object-assign-4.1.1.tgz",
      "integrity": "sha1-IQmtx5ZYh8/AXLvUQsrIv7s2CGM=",
      "engines": {
        "node": ">=0.10.0"
      }
    },
    "node_modules/react": {
      "version": "17.0.2",
      "resolved": "https://registry.npmjs.org/react/-/react-17.0.2.tgz",
      "integrity": "sha512-gnhPt75i/dq/z3/6q/0asP78D0u592D5L1pd7M8P+dck6Fu/jJeL6iVVK23fptSUZj8Vjf++7wXA8UNclGQcbA==",
      "dependencies": {
        "loose-envify": "^1.1.0",
        "object-assign": "^4.1.1"
      },
      "engines": {
        "node": ">=0.10.0"
      }
    },
    "node_modules/react-dom": {
      "version": "17.0.2",
      "resolved": "https://registry.npmjs.org/react-dom/-/react-dom-17.0.2.tgz",
      "integrity": "sha512-s4h96KtLDUQlsENhMn1ar8t2bEa+q/YAtj8pPPdIjPDGBDIVNsrD9aXNWqspUe6AzKCIG0C1HZZLqLV7qpOBGA==",
      "dependencies": {
        "loose-envify": "^1.1.0",
        "object-assign": "^4.1.1",
        "scheduler": "^0.20.2"
      },
      "peerDependencies": {
        "react": "17.0.2"
      }
    },
    "node_modules/scheduler": {
      "version": "0.20.2",
      "resolved": "https://registry.npmjs.org/scheduler/-/scheduler-0.20.2.tgz",
      "integrity": "sha512-2eWfGgAqqWFGqtdMmcL5zCMK1U8KlXv8SQFGglL3CEtd0aDVDWgeF/YoCmvln55m5zSk3J/20hTaSBeSObsQDQ==",
      "dependencies": {
        "loose-envify": "^1.1.0",
        "object-assign": "^4.1.1"
      }
    },
    "node_modules/singleton-manager": {
      "version": "1.4.2",
      "resolved": "https://registry.npmjs.org/singleton-manager/-/singleton-manager-1.4.2.tgz",
      "integrity": "sha512-3/K7K61TiN0+tw32HRC3AZQBacN0Ky/NmHEnhofFPEFROqZ5T6BXK45Z94OQsvuFD2euOVOU40XDNeTal63Baw=="
    }
  },
  "dependencies": {
    "@axiom/button": {
      "version": "1.2.1",
      "resolved": "https://artifactory.brandwatch.com/artifactory/api/npm/npm/@axiom/button/-/@axiom/button-1.2.1.tgz",
      "integrity": "sha1-o9iq01PjpqREbN7a+PFUpN1bKH8=",
      "requires": {
        "@axiom/tokens": "*",
        "@lion/button": "^0.14.0",
        "@lion/core": "^0.18.0",
        "@lit-labs/react": "^1.0.0-rc.2"
      }
    },
    "@axiom/icon": {
      "version": "0.0.6",
      "resolved": "https://artifactory.brandwatch.com/artifactory/api/npm/npm/@axiom/icon/-/@axiom/icon-0.0.6.tgz",
      "integrity": "sha1-inEIpDF4JIvTS5TJtfP38ccKXsE=",
      "requires": {
        "@axiom/tokens": "*",
        "@lion/core": "^0.18.0",
        "@lion/icon": "^0.13.3",
        "@lit-labs/react": "^1.0.0-rc.2"
      }
    },
    "@axiom/select": {
      "version": "0.0.1",
      "resolved": "https://artifactory.brandwatch.com/artifactory/api/npm/npm/@axiom/select/-/@axiom/select-0.0.1.tgz",
      "integrity": "sha1-xN1Yw5PRmK43cpJ8AE4jZ6UKIfA=",
      "requires": {
        "@axiom/icon": "^0",
        "@axiom/tokens": "^1.1.7",
        "@lion/core": "^0.18.0",
        "@lion/select-rich": "^0.27.4",
        "@lit-labs/react": "^1.0.0-rc.2"
      }
    },
    "@axiom/tokens": {
      "version": "1.3.1",
      "resolved": "https://artifactory.brandwatch.com/artifactory/api/npm/npm/@axiom/tokens/-/@axiom/tokens-1.3.1.tgz",
      "integrity": "sha1-a0Gum/AGSvYjcG8JG8UnQQmLZGI="
    },
    "@bundled-es-modules/message-format": {
      "version": "6.0.4",
      "resolved": "https://registry.npmjs.org/@bundled-es-modules/message-format/-/message-format-6.0.4.tgz",
      "integrity": "sha512-NGUoPxqsBzDwvRhY3A3L/AhS1hzS9OWappfyDOyCwE7G3W4ua28gau7QwvJz7QzA6ArbAdeb8c1mLjvd1WUFAA=="
    },
    "@lion/button": {
      "version": "0.14.3",
      "resolved": "https://registry.npmjs.org/@lion/button/-/button-0.14.3.tgz",
      "integrity": "sha512-QQ79Nio3HcsF7wX72wi45DA2dzoCsH9bULYEh6E8xEZqM7gF9CMIUSKgTVZ19V9XKycbRLfKjh6dAAH8aamzFw==",
      "requires": {
        "@lion/core": "0.18.3"
      }
    },
    "@lion/core": {
      "version": "0.18.3",
      "resolved": "https://registry.npmjs.org/@lion/core/-/core-0.18.3.tgz",
      "integrity": "sha512-BDRuwLnsyg/kDE382xBoe4ytsEsiDkov0h3VN66Y9tvMpnChf6BxAkfY7g+LlxgbsNihmZnykE+eGE7cfP5PSw==",
      "requires": {
        "@open-wc/dedupe-mixin": "^1.2.18",
        "@open-wc/scoped-elements": "^2.0.0-next.3",
        "lit": "^2.0.0-rc.2"
      }
    },
    "@lion/fieldset": {
      "version": "0.19.7",
      "resolved": "https://registry.npmjs.org/@lion/fieldset/-/fieldset-0.19.7.tgz",
      "integrity": "sha512-fwVxroseC7j06pRtSTVvHwF7WLQmItsMNed3Cj7XD64H39BK2jKBzS7U7n4f4ybEUd5C5KpLjBxEPzA8jJLuFg==",
      "requires": {
        "@lion/core": "0.18.3",
        "@lion/form-core": "0.15.2"
      }
    },
    "@lion/form": {
      "version": "0.12.5",
      "resolved": "https://registry.npmjs.org/@lion/form/-/form-0.12.5.tgz",
      "integrity": "sha512-/qgd5XkvCpo1PIrGtu2yByP+X1XzLpGKi2sZacT9cV550l0IFP3u9AVdRoCgic63Ro7jBQXfR3vw2Gg2jIILcQ==",
      "requires": {
        "@lion/fieldset": "0.19.7"
      }
    },
    "@lion/form-core": {
      "version": "0.15.2",
      "resolved": "https://registry.npmjs.org/@lion/form-core/-/form-core-0.15.2.tgz",
      "integrity": "sha512-wMN4m2zPw0o+XwGB1z9oJ6UTg0L7XeVxzpLQmZqUrgsRP/jiq09q0kEj6rX0R/eSBXbcowemF+p43sBO9wEgoA==",
      "requires": {
        "@lion/core": "0.18.3",
        "@lion/localize": "0.21.1"
      }
    },
    "@lion/icon": {
      "version": "0.13.3",
      "resolved": "https://registry.npmjs.org/@lion/icon/-/icon-0.13.3.tgz",
      "integrity": "sha512-ajKi00pWGaHr71eQRoFCnIj7MEdviHPLAckVeYVYdkehw/WO+dikXUK9lcQaLLk9UlP/qkJUGrt0lxHCRhXQSA==",
      "requires": {
        "@lion/core": "0.18.3",
        "singleton-manager": "1.4.2"
      }
    },
    "@lion/listbox": {
      "version": "0.10.5",
      "resolved": "https://registry.npmjs.org/@lion/listbox/-/listbox-0.10.5.tgz",
      "integrity": "sha512-9iSGO5a6Y9sDXTwG0zm1LRozO156bS3U0uBtP7KvYgiXjM/nNH1oUXUq4+2Ic964hvfCA4UqyAUyCylh0GoZ1g==",
      "requires": {
        "@lion/core": "0.18.3",
        "@lion/form-core": "0.15.2"
      }
    },
    "@lion/localize": {
      "version": "0.21.1",
      "resolved": "https://registry.npmjs.org/@lion/localize/-/localize-0.21.1.tgz",
      "integrity": "sha512-v9Jb0ZGmCqdaHX3zTqDnGo3cX7L4H5kb9hcTWd3Cvppujr/r3x7XOzWB7tJo6fk49l3El2V7SoV8/FtVvJfK2w==",
      "requires": {
        "@bundled-es-modules/message-format": "6.0.4",
        "@lion/core": "0.18.3",
        "singleton-manager": "1.4.2"
      }
    },
    "@lion/overlays": {
      "version": "0.28.4",
      "resolved": "https://registry.npmjs.org/@lion/overlays/-/overlays-0.28.4.tgz",
      "integrity": "sha512-T5GQXcJKOer+p7d93w8K3XXnCixU7DX8alK85mjHK5AQfgWKGMiMQDonZ2u/kOLomefY/9vJ0WlV1BGZ7pIisg==",
      "requires": {
        "@lion/core": "0.18.3",
        "@popperjs/core": "^2.5.4",
        "singleton-manager": "1.4.2"
      }
    },
    "@lion/select-rich": {
      "version": "0.27.5",
      "resolved": "https://registry.npmjs.org/@lion/select-rich/-/select-rich-0.27.5.tgz",
      "integrity": "sha512-+vY8mj24zjAlxLyFO2hwa2wlG+9Oyvu75nLFCRUAS6KlLXxfvTnCMXt9Fnuq7kTdQfDK3esYgXsoIlv9+4JLIA==",
      "requires": {
        "@lion/button": "0.14.3",
        "@lion/core": "0.18.3",
        "@lion/form-core": "0.15.2",
        "@lion/listbox": "0.10.5",
        "@lion/overlays": "0.28.4"
      }
    },
    "@lit-labs/react": {
      "version": "1.0.0",
      "resolved": "https://registry.npmjs.org/@lit-labs/react/-/react-1.0.0.tgz",
      "integrity": "sha512-wxHfI04aFOCULmCtQdRKIopD2ab+ijVkk0+pHkiP8SF3g3m3t7nFjzg5/337ZOPGOA0PVoJ/Tb1mLdnBu38cNA=="
    },
    "@lit/reactive-element": {
      "version": "1.0.0",
      "resolved": "https://registry.npmjs.org/@lit/reactive-element/-/reactive-element-1.0.0.tgz",
      "integrity": "sha512-Kpgenb8UNFsKCsFhggiVvUkCbcFQSd6N8hffYEEGjz27/4rw3cTSsmP9t3q1EHOAsdum60Wo64HvuZDFpEwexA=="
    },
    "@open-wc/dedupe-mixin": {
      "version": "1.3.0",
      "resolved": "https://registry.npmjs.org/@open-wc/dedupe-mixin/-/dedupe-mixin-1.3.0.tgz",
      "integrity": "sha512-UfdK1MPnR6T7f3svzzYBfu3qBkkZ/KsPhcpc3JYhsUY4hbpwNF9wEQtD4Z+/mRqMTJrKg++YSxIxE0FBhY3RIw=="
    },
    "@open-wc/scoped-elements": {
      "version": "2.0.0-next.6",
      "resolved": "https://registry.npmjs.org/@open-wc/scoped-elements/-/scoped-elements-2.0.0-next.6.tgz",
      "integrity": "sha512-+3oreZWjqqmg+H4JzYx8MLthaXJU8ZcaiNGsMraZQxr81GwYPEkZX3+4Oe7fgdPt1zGStLYdkEGcrlk9MgIG0Q==",
      "requires": {
        "@lit/reactive-element": "^1.0.0",
        "@open-wc/dedupe-mixin": "^1.3.0",
        "@webcomponents/scoped-custom-element-registry": "^0.0.3"
      }
    },
    "@popperjs/core": {
      "version": "2.10.2",
      "resolved": "https://registry.npmjs.org/@popperjs/core/-/core-2.10.2.tgz",
      "integrity": "sha512-IXf3XA7+XyN7CP9gGh/XB0UxVMlvARGEgGXLubFICsUMGz6Q+DU+i4gGlpOxTjKvXjkJDJC8YdqdKkDj9qZHEQ=="
    },
    "@types/trusted-types": {
      "version": "2.0.2",
      "resolved": "https://registry.npmjs.org/@types/trusted-types/-/trusted-types-2.0.2.tgz",
      "integrity": "sha512-F5DIZ36YVLE+PN+Zwws4kJogq47hNgX3Nx6WyDJ3kcplxyke3XIzB8uK5n/Lpm1HBsbGzd6nmGehL8cPekP+Tg=="
    },
    "@webcomponents/scoped-custom-element-registry": {
      "version": "0.0.3",
      "resolved": "https://registry.npmjs.org/@webcomponents/scoped-custom-element-registry/-/scoped-custom-element-registry-0.0.3.tgz",
      "integrity": "sha512-lpSzgDCGbM99dytb3+J3Suo4+Bk1E13MPnWB42JK8GwxSAxFz+tC7TTv2hhDSIE2IirGNKNKCf3m08ecu6eAsQ=="
    },
    "esbuild": {
      "version": "0.13.4",
      "resolved": "https://registry.npmjs.org/esbuild/-/esbuild-0.13.4.tgz",
      "integrity": "sha512-wMA5eUwpavTBiNl+It6j8OQuKVh69l6z4DKDLzoTIqC+gChnPpcmqdA8WNHptUHRnfyML+mKEQPlW7Mybj8gHg==",
      "requires": {
        "esbuild-android-arm64": "0.13.4",
        "esbuild-darwin-64": "0.13.4",
        "esbuild-darwin-arm64": "0.13.4",
        "esbuild-freebsd-64": "0.13.4",
        "esbuild-freebsd-arm64": "0.13.4",
        "esbuild-linux-32": "0.13.4",
        "esbuild-linux-64": "0.13.4",
        "esbuild-linux-arm": "0.13.4",
        "esbuild-linux-arm64": "0.13.4",
        "esbuild-linux-mips64le": "0.13.4",
        "esbuild-linux-ppc64le": "0.13.4",
        "esbuild-openbsd-64": "0.13.4",
        "esbuild-sunos-64": "0.13.4",
        "esbuild-windows-32": "0.13.4",
        "esbuild-windows-64": "0.13.4",
        "esbuild-windows-arm64": "0.13.4"
      }
    },
    "esbuild-android-arm64": {
      "version": "0.13.4",
      "resolved": "https://registry.npmjs.org/esbuild-android-arm64/-/esbuild-android-arm64-0.13.4.tgz",
      "integrity": "sha512-elDJt+jNyoHFId0/dKsuVYUPke3EcquIyUwzJCH17a3ERglN3A9aMBI5zbz+xNZ+FbaDNdpn0RaJHCFLbZX+fA==",
      "optional": true
    },
    "esbuild-darwin-64": {
      "version": "0.13.4",
      "resolved": "https://registry.npmjs.org/esbuild-darwin-64/-/esbuild-darwin-64-0.13.4.tgz",
      "integrity": "sha512-zJQGyHRAdZUXlRzbN7W+7ykmEiGC+bq3Gc4GxKYjjWTgDRSEly98ym+vRNkDjXwXYD3gGzSwvH35+MiHAtWvLA==",
      "optional": true
    },
    "esbuild-darwin-arm64": {
      "version": "0.13.4",
      "resolved": "https://registry.npmjs.org/esbuild-darwin-arm64/-/esbuild-darwin-arm64-0.13.4.tgz",
      "integrity": "sha512-r8oYvAtqSGq8HNTZCAx4TdLE7jZiGhX9ooGi5AQAey37MA6XNaP8ZNlw9OCpcgpx3ryU2WctXwIqPzkHO7a8dg==",
      "optional": true
    },
    "esbuild-freebsd-64": {
      "version": "0.13.4",
      "resolved": "https://registry.npmjs.org/esbuild-freebsd-64/-/esbuild-freebsd-64-0.13.4.tgz",
      "integrity": "sha512-u9DRGkn09EN8+lCh6z7FKle7awi17PJRBuAKdRNgSo5ZrH/3m+mYaJK2PR2URHMpAfXiwJX341z231tSdVe3Yw==",
      "optional": true
    },
    "esbuild-freebsd-arm64": {
      "version": "0.13.4",
      "resolved": "https://registry.npmjs.org/esbuild-freebsd-arm64/-/esbuild-freebsd-arm64-0.13.4.tgz",
      "integrity": "sha512-q3B2k68Uf6gfjATjcK16DqxvjqRQkHL8aPoOfj4op+lSqegdXvBacB1d8jw8PxbWJ8JHpdTLdAVUYU80kotQXA==",
      "optional": true
    },
    "esbuild-linux-32": {
      "version": "0.13.4",
      "resolved": "https://registry.npmjs.org/esbuild-linux-32/-/esbuild-linux-32-0.13.4.tgz",
      "integrity": "sha512-UUYJPHSiKAO8KoN3Ls/iZtgDLZvK5HarES96aolDPWZnq9FLx4dIHM/x2z4Rxv9IYqQ/DxlPoE2Co1UPBIYYeA==",
      "optional": true
    },
    "esbuild-linux-64": {
      "version": "0.13.4",
      "resolved": "https://registry.npmjs.org/esbuild-linux-64/-/esbuild-linux-64-0.13.4.tgz",
      "integrity": "sha512-+RnohAKiiUW4UHLGRkNR1AnENW1gCuDWuygEtd4jxTNPIoeC7lbXGor7rtgjj9AdUzFgOEvAXyNNX01kJ8NueQ==",
      "optional": true
    },
    "esbuild-linux-arm": {
      "version": "0.13.4",
      "resolved": "https://registry.npmjs.org/esbuild-linux-arm/-/esbuild-linux-arm-0.13.4.tgz",
      "integrity": "sha512-BH5gKve4jglS7UPSsfwHSX79I5agC/lm4eKoRUEyo8lwQs89frQSRp2Xup+6SFQnxt3md5EsKcd2Dbkqeb3gPA==",
      "optional": true
    },
    "esbuild-linux-arm64": {
      "version": "0.13.4",
      "resolved": "https://registry.npmjs.org/esbuild-linux-arm64/-/esbuild-linux-arm64-0.13.4.tgz",
      "integrity": "sha512-+A188cAdd6QuSRxMIwRrWLjgphQA0LDAQ/ECVlrPVJwnx+1i64NjDZivoqPYLOTkSPIKntiWwMhhf0U5/RrPHQ==",
      "optional": true
    },
    "esbuild-linux-mips64le": {
      "version": "0.13.4",
      "resolved": "https://registry.npmjs.org/esbuild-linux-mips64le/-/esbuild-linux-mips64le-0.13.4.tgz",
      "integrity": "sha512-0xkwtPaUkG5xMTFGaQPe1AadSe5QAiQuD4Gix1O9k5Xo/U8xGIkw9UFUTvfEUeu71vFb6ZgsIacfP1NLoFjWNw==",
      "optional": true
    },
    "esbuild-linux-ppc64le": {
      "version": "0.13.4",
      "resolved": "https://registry.npmjs.org/esbuild-linux-ppc64le/-/esbuild-linux-ppc64le-0.13.4.tgz",
      "integrity": "sha512-E1+oJPP7A+j23GPo3CEpBhGwG1bni4B8IbTA3/3rvzjURwUMZdcN3Fhrz24rnjzdLSHmULtOE4VsbT42h1Om4Q==",
      "optional": true
    },
    "esbuild-openbsd-64": {
      "version": "0.13.4",
      "resolved": "https://registry.npmjs.org/esbuild-openbsd-64/-/esbuild-openbsd-64-0.13.4.tgz",
      "integrity": "sha512-xEkI1o5HYxDzbv9jSox0EsDxpwraG09SRiKKv0W8pH6O3bt+zPSlnoK7+I7Q69tkvONkpIq5n2o+c55uq0X7cw==",
      "optional": true
    },
    "esbuild-sunos-64": {
      "version": "0.13.4",
      "resolved": "https://registry.npmjs.org/esbuild-sunos-64/-/esbuild-sunos-64-0.13.4.tgz",
      "integrity": "sha512-bjXUMcODMnB6hQicLBBmmnBl7OMDyVpFahKvHGXJfDChIi5udiIRKCmFUFIRn+AUAKVlfrofRKdyPC7kBsbvGQ==",
      "optional": true
    },
    "esbuild-windows-32": {
      "version": "0.13.4",
      "resolved": "https://registry.npmjs.org/esbuild-windows-32/-/esbuild-windows-32-0.13.4.tgz",
      "integrity": "sha512-z4CH07pfyVY0XF98TCsGmLxKCl0kyvshKDbdpTekW9f2d+dJqn5mmoUyWhpSVJ0SfYWJg86FoD9nMbbaMVyGdg==",
      "optional": true
    },
    "esbuild-windows-64": {
      "version": "0.13.4",
      "resolved": "https://registry.npmjs.org/esbuild-windows-64/-/esbuild-windows-64-0.13.4.tgz",
      "integrity": "sha512-uVL11vORRPjocGLYam67rwFLd0LvkrHEs+JG+1oJN4UD9MQmNGZPa4gBHo6hDpF+kqRJ9kXgQSeDqUyRy0tj/Q==",
      "optional": true
    },
    "esbuild-windows-arm64": {
      "version": "0.13.4",
      "resolved": "https://registry.npmjs.org/esbuild-windows-arm64/-/esbuild-windows-arm64-0.13.4.tgz",
      "integrity": "sha512-vA6GLvptgftRcDcWngD5cMlL4f4LbL8JjU2UMT9yJ0MT5ra6hdZNFWnOeOoEtY4GtJ6OjZ0i+81sTqhAB0fMkg==",
      "optional": true
    },
    "js-tokens": {
      "version": "4.0.0",
      "resolved": "https://registry.npmjs.org/js-tokens/-/js-tokens-4.0.0.tgz",
      "integrity": "sha512-RdJUflcE3cUzKiMqQgsCu06FPu9UdIJO0beYbPhHN4k6apgJtifcoCtT9bcxOpYBtpD2kCM6Sbzg4CausW/PKQ=="
    },
    "lit": {
      "version": "2.0.0",
      "resolved": "https://registry.npmjs.org/lit/-/lit-2.0.0.tgz",
      "integrity": "sha512-pqi5O/wVzQ9Bn4ERRoYQlt1EAUWyY5Wv888vzpoArbtChc+zfUv1XohRqSdtQZYCogl0eHKd+MQwymg2XJfECg==",
      "requires": {
        "@lit/reactive-element": "^1.0.0",
        "lit-element": "^3.0.0",
        "lit-html": "^2.0.0"
      }
    },
    "lit-element": {
      "version": "3.0.0",
      "resolved": "https://registry.npmjs.org/lit-element/-/lit-element-3.0.0.tgz",
      "integrity": "sha512-oPqRhhBBhs+AlI62QLwtWQNU/bNK/h2L1jI3IDroqZubo6XVAkyNy2dW3CRfjij8mrNlY7wULOfyyKKOnfEePA==",
      "requires": {
        "@lit/reactive-element": "^1.0.0",
        "lit-html": "^2.0.0"
      }
    },
    "lit-html": {
      "version": "2.0.0",
      "resolved": "https://registry.npmjs.org/lit-html/-/lit-html-2.0.0.tgz",
      "integrity": "sha512-tJsCapCmc0vtLj6harqd6HfCxnlt/RSkgowtz4SC9dFE3nSL38Tb33I5HMDiyJsRjQZRTgpVsahrnDrR9wg27w==",
      "requires": {
        "@types/trusted-types": "^2.0.2"
      }
    },
    "loose-envify": {
      "version": "1.4.0",
      "resolved": "https://registry.npmjs.org/loose-envify/-/loose-envify-1.4.0.tgz",
      "integrity": "sha512-lyuxPGr/Wfhrlem2CL/UcnUc1zcqKAImBDzukY7Y5F/yQiNdko6+fRLevlw1HgMySw7f611UIY408EtxRSoK3Q==",
      "requires": {
        "js-tokens": "^3.0.0 || ^4.0.0"
      }
    },
    "object-assign": {
      "version": "4.1.1",
      "resolved": "https://registry.npmjs.org/object-assign/-/object-assign-4.1.1.tgz",
      "integrity": "sha1-IQmtx5ZYh8/AXLvUQsrIv7s2CGM="
    },
    "react": {
      "version": "17.0.2",
      "resolved": "https://registry.npmjs.org/react/-/react-17.0.2.tgz",
      "integrity": "sha512-gnhPt75i/dq/z3/6q/0asP78D0u592D5L1pd7M8P+dck6Fu/jJeL6iVVK23fptSUZj8Vjf++7wXA8UNclGQcbA==",
      "requires": {
        "loose-envify": "^1.1.0",
        "object-assign": "^4.1.1"
      }
    },
    "react-dom": {
      "version": "17.0.2",
      "resolved": "https://registry.npmjs.org/react-dom/-/react-dom-17.0.2.tgz",
      "integrity": "sha512-s4h96KtLDUQlsENhMn1ar8t2bEa+q/YAtj8pPPdIjPDGBDIVNsrD9aXNWqspUe6AzKCIG0C1HZZLqLV7qpOBGA==",
      "requires": {
        "loose-envify": "^1.1.0",
        "object-assign": "^4.1.1",
        "scheduler": "^0.20.2"
      }
    },
    "scheduler": {
      "version": "0.20.2",
      "resolved": "https://registry.npmjs.org/scheduler/-/scheduler-0.20.2.tgz",
      "integrity": "sha512-2eWfGgAqqWFGqtdMmcL5zCMK1U8KlXv8SQFGglL3CEtd0aDVDWgeF/YoCmvln55m5zSk3J/20hTaSBeSObsQDQ==",
      "requires": {
        "loose-envify": "^1.1.0",
        "object-assign": "^4.1.1"
      }
    },
    "singleton-manager": {
      "version": "1.4.2",
      "resolved": "https://registry.npmjs.org/singleton-manager/-/singleton-manager-1.4.2.tgz",
      "integrity": "sha512-3/K7K61TiN0+tw32HRC3AZQBacN0Ky/NmHEnhofFPEFROqZ5T6BXK45Z94OQsvuFD2euOVOU40XDNeTal63Baw=="
    }
  }
}
